
Microsoft Visual Studio Solution File, Format Version 12.00
# Visual Studio Version 16
VisualStudioVersion = 16.0.31424.327
MinimumVisualStudioVersion = 10.0.40219.1
Project("{FAE04EC0-301F-11D3-BF4B-00C04F79EFBC}") = "StudentiIspitiZadatak", "StudentiIspitiZadatak\StudentiIspitiZadatak.csproj", "{08D8D7C1-7CB0-4603-B1B2-908916F7A016}"
EndProject
Global
	GlobalSection(SolutionConfigurationPlatforms) = preSolution
		Debug|Any CPU = Debug|Any CPU
		Release|Any CPU = Release|Any CPU
	EndGlobalSection
	GlobalSection(ProjectConfigurationPlatforms) = postSolution
		{08D8D7C1-7CB0-4603-B1B2-908916F7A016}.Debug|Any CPU.ActiveCfg = Debug|Any CPU
		{08D8D7C1-7CB0-4603-B1B2-908916F7A016}.Debug|Any CPU.Build.0 = Debug|Any CPU
		{08D8D7C1-7CB0-4603-B1B2-908916F7A016}.Release|Any CPU.ActiveCfg = Release|Any CPU
		{08D8D7C1-7CB0-4603-B1B2-908916F7A016}.Release|Any CPU.Build.0 = Release|Any CPU
	EndGlobalSection
	GlobalSection(SolutionProperties) = preSolution
		HideSolutionNode = FALSE
	EndGlobalSection
	GlobalSection(ExtensibilityGlobals) = postSolution
		SolutionGuid = {C1384C42-390E-42B0-BA39-5BCE117E0916}
	EndGlobalSection
EndGlobal
